
Microsoft Visual Studio Solution File, Format Version 12.00
# Visual Studio Version 16
VisualStudioVersion = 16.0.30907.101
MinimumVisualStudioVersion = 10.0.40219.1
Project("{FAE04EC0-301F-11D3-BF4B-00C04F79EFBC}") = "Login-form", "Login-form\Login-form.csproj", "{5FA9EBD8-7C95-4DDA-B52F-29C8051C6B4C}"
EndProject
Global
	GlobalSection(SolutionConfigurationPlatforms) = preSolution
		Debug|Any CPU = Debug|Any CPU
		Release|Any CPU = Release|Any CPU
	EndGlobalSection
	GlobalSection(ProjectConfigurationPlatforms) = postSolution
		{5FA9EBD8-7C95-4DDA-B52F-29C8051C6B4C}.Debug|Any CPU.ActiveCfg = Debug|Any CPU
		{5FA9EBD8-7C95-4DDA-B52F-29C8051C6B4C}.Debug|Any CPU.Build.0 = Debug|Any CPU
		{5FA9EBD8-7C95-4DDA-B52F-29C8051C6B4C}.Release|Any CPU.ActiveCfg = Release|Any CPU
		{5FA9EBD8-7C95-4DDA-B52F-29C8051C6B4C}.Release|Any CPU.Build.0 = Release|Any CPU
	EndGlobalSection
	GlobalSection(SolutionProperties) = preSolution
		HideSolutionNode = FALSE
	EndGlobalSection
	GlobalSection(ExtensibilityGlobals) = postSolution
		SolutionGuid = {709D7FF2-85CC-4279-93D2-1430C78F80F0}
	EndGlobalSection
EndGlobal
